PODS:
  - Alamofire (5.0.0-rc.3)
  - Moya/Core (14.0.0-beta.5):
    - Alamofire (= 5.0.0-rc.3)
  - Moya/RxSwift (14.0.0-beta.5):
    - Moya/Core
    - RxSwift (~> 5.0)
  - RxBlocking (5.0.1):
    - RxSwift (~> 5)
  - RxSwift (5.0.1)
  - RxTest (5.0.1):
    - RxSwift (~> 5)
  - SwiftMessages (7.0.1):
    - SwiftMessages/App (= 7.0.1)
  - SwiftMessages/App (7.0.1)

DEPENDENCIES:
  - Alamofire (~> 5.0.0-rc.3)
  - Moya/RxSwift (~> 14.0.0-beta.5)
  - RxBlocking
  - RxSwift (~> 5.0)
  - RxTest
  - SwiftMessages

SPEC REPOS:
  trunk:
    - Alamofire
    - Moya
    - RxBlocking
    - RxSwift
    - RxTest
    - SwiftMessages

SPEC CHECKSUMS:
  Alamofire: ca8c0de6906873be89d6deec5c8de279e00bf872
  Moya: 2c16c3fe92eda302070213452281b59198f946d8
  RxBlocking: c5e090f42d046df8b0e7752742510f349963710f
  RxSwift: e2dc62b366a3adf6a0be44ba9f405efd4c94e0c4
  RxTest: 0132f952a61da82d5233abedaa559df91e5330e5
  SwiftMessages: b577dc7043be8b299857ab35bb663dbff6483bd0

PODFILE CHECKSUM: 9ba11824bb68a2698895d50ecff04aa74477a53d

COCOAPODS: 1.8.4
