// !$*UTF8*$!
{
	archiveVersion = 1;
	classes = {
	};
	objectVersion = 46;
	objects = {

/* Begin PBXBuildFile section */
		06CDC3D6F1043478889E6E12 /* Pods_RxRequester_Tests.framework in Frameworks */ = {isa = PBXBuildFile; fileRef = 866FDB64AD6BEE6B9B65ED64 /* Pods_RxRequester_Tests.framework */; };
		1A54F0DB9CC3AA42A91FC41E /* PostCell.xib in Resources */ = {isa = PBXBuildFile; fileRef = 1A54F7635EC7CFB74428104E /* PostCell.xib */; };
		1A54F12E340E0EAD603453D0 /* ActivityIndicatable.swift in Sources */ = {isa = PBXBuildFile; fileRef = 1A54FA51E7997BC512E10D67 /* ActivityIndicatable.swift */; };
		1A54F144A9D1BC40EFADA831 /* Root.storyboard in Resources */ = {isa = PBXBuildFile; fileRef = 1A54FAC16B129CF32A4DFFF5 /* Root.storyboard */; };
		1A54F1D49A19FBECC9C939B8 /* RootBuilder.swift in Sources */ = {isa = PBXBuildFile; fileRef = 1A54F85BC0767C21FBEB1034 /* RootBuilder.swift */; };
		1A54F2D9C4EE49CBF87C3684 /* ViewModelProtocol.swift in Sources */ = {isa = PBXBuildFile; fileRef = 1A54F136560F9EED04433815 /* ViewModelProtocol.swift */; };
		1A54F307B97FAD9576F32C78 /* PostsBuilder.swift in Sources */ = {isa = PBXBuildFile; fileRef = 1A54F80E50F6601EC5D4EF19 /* PostsBuilder.swift */; };
		1A54F401FAE57F7E36B9D8B1 /* Reportable.swift in Sources */ = {isa = PBXBuildFile; fileRef = 1A54FA36D8CDCBF11A476328 /* Reportable.swift */; };
		1A54F495041483218F2FA24C /* PostsViewController.swift in Sources */ = {isa = PBXBuildFile; fileRef = 1A54F87DD3D1086614E20D4A /* PostsViewController.swift */; };
		1A54F4F03E32D81F334A0843 /* Success.swift in Sources */ = {isa = PBXBuildFile; fileRef = 1A54FD04B01711D1987BF5C4 /* Success.swift */; };
		1A54F6499EB480B6A4C60A2B /* NavigationController.swift in Sources */ = {isa = PBXBuildFile; fileRef = 1A54F2A73A0794F9C734D447 /* NavigationController.swift */; };
		1A54F6CA414564524F7813AB /* RootViewController.swift in Sources */ = {isa = PBXBuildFile; fileRef = 1A54FC808F85D86511181474 /* RootViewController.swift */; };
		1A54F892108D24DFAF20A8DD /* PostsViewModel.swift in Sources */ = {isa = PBXBuildFile; fileRef = 1A54F042646724924FFF326C /* PostsViewModel.swift */; };
		1A54F9971EFEBEA4ED78C6A7 /* RootVm.swift in Sources */ = {isa = PBXBuildFile; fileRef = 1A54FB2343B0D456E9850373 /* RootVm.swift */; };
		1A54F9B8764FA3EF0BE7D587 /* PostsApi.swift in Sources */ = {isa = PBXBuildFile; fileRef = 1A54F0D5BF78CD8EDC18F2DC /* PostsApi.swift */; };
		1A54FA3BD8985BCDBC008047 /* ViewControllerProtocol.swift in Sources */ = {isa = PBXBuildFile; fileRef = 1A54FEBACD875B1885ABE750 /* ViewControllerProtocol.swift */; };
		1A54FC9CF5AF2B9660D0C54F /* Post.swift in Sources */ = {isa = PBXBuildFile; fileRef = 1A54FDF004353ACFA8B08B48 /* Post.swift */; };
		1A54FD6395BE04DC1C3F89A5 /* SceneDelegate.swift in Sources */ = {isa = PBXBuildFile; fileRef = 1A54F3DB064E887D5AAA08FD /* SceneDelegate.swift */; };
		1A54FDC2B88BE3ED61AD3D91 /* Posts.storyboard in Resources */ = {isa = PBXBuildFile; fileRef = 1A54F4772B96F2394556FE7F /* Posts.storyboard */; };
		1A54FE4DB7137A174C0FE783 /* PostsRepository.swift in Sources */ = {isa = PBXBuildFile; fileRef = 1A54FA23341C6527AC8FC532 /* PostsRepository.swift */; };
		1A54FEFE3C6EB9015BBB8263 /* PostCell.swift in Sources */ = {isa = PBXBuildFile; fileRef = 1A54F9CAD0EABAF252E7A126 /* PostCell.swift */; };
		1A54FFFDA94A1FCA350D726D /* PostResponse.swift in Sources */ = {isa = PBXBuildFile; fileRef = 1A54F2EA8D4CAC6F342D85EE /* PostResponse.swift */; };
		607FACD61AFB9204008FA782 /* AppDelegate.swift in Sources */ = {isa = PBXBuildFile; fileRef = 607FACD51AFB9204008FA782 /* AppDelegate.swift */; };
		607FACDD1AFB9204008FA782 /* Images.xcassets in Resources */ = {isa = PBXBuildFile; fileRef = 607FACDC1AFB9204008FA782 /* Images.xcassets */; };
		607FACE01AFB9204008FA782 /* LaunchScreen.xib in Resources */ = {isa = PBXBuildFile; fileRef = 607FACDE1AFB9204008FA782 /* LaunchScreen.xib */; };
		607FACEC1AFB9204008FA782 /* Tests.swift in Sources */ = {isa = PBXBuildFile; fileRef = 607FACEB1AFB9204008FA782 /* Tests.swift */; };
		EF4AC469F530B1D831090059 /* Pods_RxRequester_Example.framework in Frameworks */ = {isa = PBXBuildFile; fileRef = 6BA95BD170B82CF0D72AA634 /* Pods_RxRequester_Example.framework */; };
/* End PBXBuildFile section */

/* Begin PBXContainerItemProxy section */
		607FACE61AFB9204008FA782 /* PBXContainerItemProxy */ = {
			isa = PBXContainerItemProxy;
			containerPortal = 607FACC81AFB9204008FA782 /* Project object */;
			proxyType = 1;
			remoteGlobalIDString = 607FACCF1AFB9204008FA782;
			remoteInfo = RxRequester;
		};
/* End PBXContainerItemProxy section */

/* Begin PBXFileReference section */
		1A54F042646724924FFF326C /* PostsViewModel.swift */ = {isa = PBXFileReference; fileEncoding = 4; lastKnownFileType = sourcecode.swift; path = PostsViewModel.swift; sourceTree = "<group>"; };
		1A54F0D5BF78CD8EDC18F2DC /* PostsApi.swift */ = {isa = PBXFileReference; fileEncoding = 4; lastKnownFileType = sourcecode.swift; path = PostsApi.swift; sourceTree = "<group>"; };
		1A54F136560F9EED04433815 /* ViewModelProtocol.swift */ = {isa = PBXFileReference; fileEncoding = 4; lastKnownFileType = sourcecode.swift; path = ViewModelProtocol.swift; sourceTree = "<group>"; };
		1A54F2A73A0794F9C734D447 /* NavigationController.swift */ = {isa = PBXFileReference; fileEncoding = 4; lastKnownFileType = sourcecode.swift; path = NavigationController.swift; sourceTree = "<group>"; };
		1A54F2EA8D4CAC6F342D85EE /* PostResponse.swift */ = {isa = PBXFileReference; fileEncoding = 4; lastKnownFileType = sourcecode.swift; path = PostResponse.swift; sourceTree = "<group>"; };
		1A54F3DB064E887D5AAA08FD /* SceneDelegate.swift */ = {isa = PBXFileReference; fileEncoding = 4; lastKnownFileType = sourcecode.swift; path = SceneDelegate.swift; sourceTree = "<group>"; };
		1A54F4772B96F2394556FE7F /* Posts.storyboard */ = {isa = PBXFileReference; lastKnownFileType = file.storyboard; path = Posts.storyboard; sourceTree = "<group>"; };
		1A54F7635EC7CFB74428104E /* PostCell.xib */ = {isa = PBXFileReference; lastKnownFileType = file.xib; path = PostCell.xib; sourceTree = "<group>"; };
		1A54F80E50F6601EC5D4EF19 /* PostsBuilder.swift */ = {isa = PBXFileReference; fileEncoding = 4; lastKnownFileType = sourcecode.swift; path = PostsBuilder.swift; sourceTree = "<group>"; };
		1A54F85BC0767C21FBEB1034 /* RootBuilder.swift */ = {isa = PBXFileReference; fileEncoding = 4; lastKnownFileType = sourcecode.swift; path = RootBuilder.swift; sourceTree = "<group>"; };
		1A54F87DD3D1086614E20D4A /* PostsViewController.swift */ = {isa = PBXFileReference; fileEncoding = 4; lastKnownFileType = sourcecode.swift; path = PostsViewController.swift; sourceTree = "<group>"; };
		1A54F9CAD0EABAF252E7A126 /* PostCell.swift */ = {isa = PBXFileReference; fileEncoding = 4; lastKnownFileType = sourcecode.swift; path = PostCell.swift; sourceTree = "<group>"; };
		1A54FA23341C6527AC8FC532 /* PostsRepository.swift */ = {isa = PBXFileReference; fileEncoding = 4; lastKnownFileType = sourcecode.swift; path = PostsRepository.swift; sourceTree = "<group>"; };
		1A54FA36D8CDCBF11A476328 /* Reportable.swift */ = {isa = PBXFileReference; fileEncoding = 4; lastKnownFileType = sourcecode.swift; path = Reportable.swift; sourceTree = "<group>"; };
		1A54FA51E7997BC512E10D67 /* ActivityIndicatable.swift */ = {isa = PBXFileReference; fileEncoding = 4; lastKnownFileType = sourcecode.swift; path = ActivityIndicatable.swift; sourceTree = "<group>"; };
		1A54FAC16B129CF32A4DFFF5 /* Root.storyboard */ = {isa = PBXFileReference; lastKnownFileType = file.storyboard; path = Root.storyboard; sourceTree = "<group>"; };
		1A54FB2343B0D456E9850373 /* RootVm.swift */ = {isa = PBXFileReference; fileEncoding = 4; lastKnownFileType = sourcecode.swift; path = RootVm.swift; sourceTree = "<group>"; };
		1A54FC808F85D86511181474 /* RootViewController.swift */ = {isa = PBXFileReference; fileEncoding = 4; lastKnownFileType = sourcecode.swift; path = RootViewController.swift; sourceTree = "<group>"; };
		1A54FD04B01711D1987BF5C4 /* Success.swift */ = {isa = PBXFileReference; fileEncoding = 4; lastKnownFileType = sourcecode.swift; path = Success.swift; sourceTree = "<group>"; };
		1A54FDF004353ACFA8B08B48 /* Post.swift */ = {isa = PBXFileReference; fileEncoding = 4; lastKnownFileType = sourcecode.swift; path = Post.swift; sourceTree = "<group>"; };
		1A54FEBACD875B1885ABE750 /* ViewControllerProtocol.swift */ = {isa = PBXFileReference; fileEncoding = 4; lastKnownFileType = sourcecode.swift; path = ViewControllerProtocol.swift; sourceTree = "<group>"; };
		5F140D6A0D62D4608F1F6FE9 /* README.md */ = {isa = PBXFileReference; includeInIndex = 1; lastKnownFileType = net.daringfireball.markdown; name = README.md; path = ../README.md; sourceTree = "<group>"; };
		607FACD01AFB9204008FA782 /* RxRequester_Example.app */ = {isa = PBXFileReference; explicitFileType = wrapper.application; includeInIndex = 0; path = RxRequester_Example.app; sourceTree = BUILT_PRODUCTS_DIR; };
		607FACD41AFB9204008FA782 /* Info.plist */ = {isa = PBXFileReference; lastKnownFileType = text.plist.xml; path = Info.plist; sourceTree = "<group>"; };
		607FACD51AFB9204008FA782 /* AppDelegate.swift */ = {isa = PBXFileReference; lastKnownFileType = sourcecode.swift; path = AppDelegate.swift; sourceTree = "<group>"; };
		607FACDC1AFB9204008FA782 /* Images.xcassets */ = {isa = PBXFileReference; lastKnownFileType = folder.assetcatalog; path = Images.xcassets; sourceTree = "<group>"; };
		607FACDF1AFB9204008FA782 /* Base */ = {isa = PBXFileReference; lastKnownFileType = file.xib; name = Base; path = Base.lproj/LaunchScreen.xib; sourceTree = "<group>"; };
		607FACE51AFB9204008FA782 /* RxRequester_Tests.xctest */ = {isa = PBXFileReference; explicitFileType = wrapper.cfbundle; includeInIndex = 0; path = RxRequester_Tests.xctest; sourceTree = BUILT_PRODUCTS_DIR; };
		607FACEA1AFB9204008FA782 /* Info.plist */ = {isa = PBXFileReference; lastKnownFileType = text.plist.xml; path = Info.plist; sourceTree = "<group>"; };
		607FACEB1AFB9204008FA782 /* Tests.swift */ = {isa = PBXFileReference; lastKnownFileType = sourcecode.swift; path = Tests.swift; sourceTree = "<group>"; };
		6A5B9A7E6A7BF11704918FE2 /* Pods-RxRequester_Tests.release.xcconfig */ = {isa = PBXFileReference; includeInIndex = 1; lastKnownFileType = text.xcconfig; name = "Pods-RxRequester_Tests.release.xcconfig"; path = "Target Support Files/Pods-RxRequester_Tests/Pods-RxRequester_Tests.release.xcconfig"; sourceTree = "<group>"; };
		6BA95BD170B82CF0D72AA634 /* Pods_RxRequester_Example.framework */ = {isa = PBXFileReference; explicitFileType = wrapper.framework; includeInIndex = 0; path = Pods_RxRequester_Example.framework; sourceTree = BUILT_PRODUCTS_DIR; };
		7A7D8CDDF0D757632309D98B /* Pods-RxRequester_Example.release.xcconfig */ = {isa = PBXFileReference; includeInIndex = 1; lastKnownFileType = text.xcconfig; name = "Pods-RxRequester_Example.release.xcconfig"; path = "Target Support Files/Pods-RxRequester_Example/Pods-RxRequester_Example.release.xcconfig"; sourceTree = "<group>"; };
		866FDB64AD6BEE6B9B65ED64 /* Pods_RxRequester_Tests.framework */ = {isa = PBXFileReference; explicitFileType = wrapper.framework; includeInIndex = 0; path = Pods_RxRequester_Tests.framework; sourceTree = BUILT_PRODUCTS_DIR; };
		A71CF086F16DAA3B83B396DB /* Pods-RxRequester_Tests.debug.xcconfig */ = {isa = PBXFileReference; includeInIndex = 1; lastKnownFileType = text.xcconfig; name = "Pods-RxRequester_Tests.debug.xcconfig"; path = "Target Support Files/Pods-RxRequester_Tests/Pods-RxRequester_Tests.debug.xcconfig"; sourceTree = "<group>"; };
		C849E1414E094558B5F393B4 /* Pods-RxRequester_Example.debug.xcconfig */ = {isa = PBXFileReference; includeInIndex = 1; lastKnownFileType = text.xcconfig; name = "Pods-RxRequester_Example.debug.xcconfig"; path = "Target Support Files/Pods-RxRequester_Example/Pods-RxRequester_Example.debug.xcconfig"; sourceTree = "<group>"; };
		D296DFCF5904D78250CC9483 /* LICENSE */ = {isa = PBXFileReference; includeInIndex = 1; lastKnownFileType = text; name = LICENSE; path = ../LICENSE; sourceTree = "<group>"; };
		E198A71B7F6B5154CDA8B20C /* RxRequester.podspec */ = {isa = PBXFileReference; includeInIndex = 1; lastKnownFileType = text; name = RxRequester.podspec; path = ../RxRequester.podspec; sourceTree = "<group>"; };
/* End PBXFileReference section */

/* Begin PBXFrameworksBuildPhase section */
		607FACCD1AFB9204008FA782 /* Frameworks */ = {
			isa = PBXFrameworksBuildPhase;
			buildActionMask = 2147483647;
			files = (
				EF4AC469F530B1D831090059 /* Pods_RxRequester_Example.framework in Frameworks */,
			);
			runOnlyForDeploymentPostprocessing = 0;
		};
		607FACE21AFB9204008FA782 /* Frameworks */ = {
			isa = PBXFrameworksBuildPhase;
			buildActionMask = 2147483647;
			files = (
				06CDC3D6F1043478889E6E12 /* Pods_RxRequester_Tests.framework in Frameworks */,
			);
			runOnlyForDeploymentPostprocessing = 0;
		};
/* End PBXFrameworksBuildPhase section */

/* Begin PBXGroup section */
		16647BA2B6ED9806181FB618 /* Frameworks */ = {
			isa = PBXGroup;
			children = (
				6BA95BD170B82CF0D72AA634 /* Pods_RxRequester_Example.framework */,
				866FDB64AD6BEE6B9B65ED64 /* Pods_RxRequester_Tests.framework */,
			);
			name = Frameworks;
			sourceTree = "<group>";
		};
		1A54F3BF6FCA9283A19D135C /* Posts */ = {
			isa = PBXGroup;
			children = (
				1A54F87DD3D1086614E20D4A /* PostsViewController.swift */,
				1A54F042646724924FFF326C /* PostsViewModel.swift */,
				1A54F4772B96F2394556FE7F /* Posts.storyboard */,
				1A54F80E50F6601EC5D4EF19 /* PostsBuilder.swift */,
				1A54F7635EC7CFB74428104E /* PostCell.xib */,
				1A54F9CAD0EABAF252E7A126 /* PostCell.swift */,
			);
			path = Posts;
			sourceTree = "<group>";
		};
		1A54F46CDA3D4ECDA1073ED8 /* Modules */ = {
			isa = PBXGroup;
			children = (
				1A54F3BF6FCA9283A19D135C /* Posts */,
			);
			path = Modules;
			sourceTree = "<group>";
		};
		1A54F50FBD86B3B05D8AEAA8 /* Model */ = {
			isa = PBXGroup;
			children = (
				1A54FDF004353ACFA8B08B48 /* Post.swift */,
				1A54FD04B01711D1987BF5C4 /* Success.swift */,
				1A54F2EA8D4CAC6F342D85EE /* PostResponse.swift */,
			);
			path = Model;
			sourceTree = "<group>";
		};
		1A54F7225A6B8ACA31BF2CCD /* Presentation */ = {
			isa = PBXGroup;
			children = (
				1A54FA94013066735A251485 /* Root */,
				1A54FA36D8CDCBF11A476328 /* Reportable.swift */,
				1A54FA51E7997BC512E10D67 /* ActivityIndicatable.swift */,
				1A54F2A73A0794F9C734D447 /* NavigationController.swift */,
				1A54F136560F9EED04433815 /* ViewModelProtocol.swift */,
				1A54FEBACD875B1885ABE750 /* ViewControllerProtocol.swift */,
			);
			path = Presentation;
			sourceTree = "<group>";
		};
		1A54FA94013066735A251485 /* Root */ = {
			isa = PBXGroup;
			children = (
				1A54FB2343B0D456E9850373 /* RootVm.swift */,
				1A54FAC16B129CF32A4DFFF5 /* Root.storyboard */,
				1A54F85BC0767C21FBEB1034 /* RootBuilder.swift */,
				1A54FC808F85D86511181474 /* RootViewController.swift */,
			);
			path = Root;
			sourceTree = "<group>";
		};
		1A54FCB93CB71FE3A05EF4F7 /* Posts */ = {
			isa = PBXGroup;
			children = (
				1A54FA23341C6527AC8FC532 /* PostsRepository.swift */,
				1A54F0D5BF78CD8EDC18F2DC /* PostsApi.swift */,
			);
			path = Posts;
			sourceTree = "<group>";
		};
		1A54FD1058DCB41884A42A99 /* Data */ = {
			isa = PBXGroup;
			children = (
				1A54F50FBD86B3B05D8AEAA8 /* Model */,
				1A54FCB93CB71FE3A05EF4F7 /* Posts */,
			);
			path = Data;
			sourceTree = "<group>";
		};
		607FACC71AFB9204008FA782 = {
			isa = PBXGroup;
			children = (
				607FACF51AFB993E008FA782 /* Podspec Metadata */,
				607FACD21AFB9204008FA782 /* Example for RxRequester */,
				607FACE81AFB9204008FA782 /* Tests */,
				607FACD11AFB9204008FA782 /* Products */,
				DCA2204245D3F033BC2D65AD /* Pods */,
				16647BA2B6ED9806181FB618 /* Frameworks */,
			);
			sourceTree = "<group>";
		};
		607FACD11AFB9204008FA782 /* Products */ = {
			isa = PBXGroup;
			children = (
				607FACD01AFB9204008FA782 /* RxRequester_Example.app */,
				607FACE51AFB9204008FA782 /* RxRequester_Tests.xctest */,
			);
			name = Products;
			sourceTree = "<group>";
		};
		607FACD21AFB9204008FA782 /* Example for RxRequester */ = {
			isa = PBXGroup;
			children = (
				607FACD51AFB9204008FA782 /* AppDelegate.swift */,
				1A54F3DB064E887D5AAA08FD /* SceneDelegate.swift */,
				607FACDC1AFB9204008FA782 /* Images.xcassets */,
				607FACDE1AFB9204008FA782 /* LaunchScreen.xib */,
				607FACD31AFB9204008FA782 /* Supporting Files */,
				1A54FD1058DCB41884A42A99 /* Data */,
				1A54F7225A6B8ACA31BF2CCD /* Presentation */,
				1A54F46CDA3D4ECDA1073ED8 /* Modules */,
			);
			name = "Example for RxRequester";
			path = RxRequester;
			sourceTree = "<group>";
		};
		607FACD31AFB9204008FA782 /* Supporting Files */ = {
			isa = PBXGroup;
			children = (
				607FACD41AFB9204008FA782 /* Info.plist */,
			);
			name = "Supporting Files";
			sourceTree = "<group>";
		};
		607FACE81AFB9204008FA782 /* Tests */ = {
			isa = PBXGroup;
			children = (
				607FACEB1AFB9204008FA782 /* Tests.swift */,
				607FACE91AFB9204008FA782 /* Supporting Files */,
			);
			path = Tests;
			sourceTree = "<group>";
		};
		607FACE91AFB9204008FA782 /* Supporting Files */ = {
			isa = PBXGroup;
			children = (
				607FACEA1AFB9204008FA782 /* Info.plist */,
			);
			name = "Supporting Files";
			sourceTree = "<group>";
		};
		607FACF51AFB993E008FA782 /* Podspec Metadata */ = {
			isa = PBXGroup;
			children = (
				E198A71B7F6B5154CDA8B20C /* RxRequester.podspec */,
				5F140D6A0D62D4608F1F6FE9 /* README.md */,
				D296DFCF5904D78250CC9483 /* LICENSE */,
			);
			name = "Podspec Metadata";
			sourceTree = "<group>";
		};
		DCA2204245D3F033BC2D65AD /* Pods */ = {
			isa = PBXGroup;
			children = (
				C849E1414E094558B5F393B4 /* Pods-RxRequester_Example.debug.xcconfig */,
				7A7D8CDDF0D757632309D98B /* Pods-RxRequester_Example.release.xcconfig */,
				A71CF086F16DAA3B83B396DB /* Pods-RxRequester_Tests.debug.xcconfig */,
				6A5B9A7E6A7BF11704918FE2 /* Pods-RxRequester_Tests.release.xcconfig */,
			);
			path = Pods;
			sourceTree = "<group>";
		};
/* End PBXGroup section */

/* Begin PBXNativeTarget section */
		607FACCF1AFB9204008FA782 /* RxRequester_Example */ = {
			isa = PBXNativeTarget;
			buildConfigurationList = 607FACEF1AFB9204008FA782 /* Build configuration list for PBXNativeTarget "RxRequester_Example" */;
			buildPhases = (
				A8BC7EE9A3DF24F86DD9C392 /* [CP] Check Pods Manifest.lock */,
				607FACCC1AFB9204008FA782 /* Sources */,
				607FACCD1AFB9204008FA782 /* Frameworks */,
				607FACCE1AFB9204008FA782 /* Resources */,
				557DA7BEFD1DF1034F41072F /* [CP] Embed Pods Frameworks */,
			);
			buildRules = (
			);
			dependencies = (
			);
			name = RxRequester_Example;
			productName = RxRequester;
			productReference = 607FACD01AFB9204008FA782 /* RxRequester_Example.app */;
			productType = "com.apple.product-type.application";
		};
		607FACE41AFB9204008FA782 /* RxRequester_Tests */ = {
			isa = PBXNativeTarget;
			buildConfigurationList = 607FACF21AFB9204008FA782 /* Build configuration list for PBXNativeTarget "RxRequester_Tests" */;
			buildPhases = (
				0D0F5FBBD51836E9E911FCA2 /* [CP] Check Pods Manifest.lock */,
				607FACE11AFB9204008FA782 /* Sources */,
				607FACE21AFB9204008FA782 /* Frameworks */,
				607FACE31AFB9204008FA782 /* Resources */,
				1CB6A71F73A4B06CB64466A6 /* [CP] Embed Pods Frameworks */,
			);
			buildRules = (
			);
			dependencies = (
				607FACE71AFB9204008FA782 /* PBXTargetDependency */,
			);
			name = RxRequester_Tests;
			productName = Tests;
			productReference = 607FACE51AFB9204008FA782 /* RxRequester_Tests.xctest */;
			productType = "com.apple.product-type.bundle.unit-test";
		};
/* End PBXNativeTarget section */

/* Begin PBXProject section */
		607FACC81AFB9204008FA782 /* Project object */ = {
			isa = PBXProject;
			attributes = {
				LastSwiftUpdateCheck = 0830;
				LastUpgradeCheck = 0830;
				ORGANIZATIONNAME = CocoaPods;
				TargetAttributes = {
					607FACCF1AFB9204008FA782 = {
						CreatedOnToolsVersion = 6.3.1;
						LastSwiftMigration = 0900;
					};
					607FACE41AFB9204008FA782 = {
						CreatedOnToolsVersion = 6.3.1;
						LastSwiftMigration = 0900;
						TestTargetID = 607FACCF1AFB9204008FA782;
					};
				};
			};
			buildConfigurationList = 607FACCB1AFB9204008FA782 /* Build configuration list for PBXProject "RxRequester" */;
			compatibilityVersion = "Xcode 3.2";
			developmentRegion = English;
			hasScannedForEncodings = 0;
			knownRegions = (
				English,
				en,
				Base,
			);
			mainGroup = 607FACC71AFB9204008FA782;
			productRefGroup = 607FACD11AFB9204008FA782 /* Products */;
			projectDirPath = "";
			projectRoot = "";
			targets = (
				607FACCF1AFB9204008FA782 /* RxRequester_Example */,
				607FACE41AFB9204008FA782 /* RxRequester_Tests */,
			);
		};
/* End PBXProject section */

/* Begin PBXResourcesBuildPhase section */
		607FACCE1AFB9204008FA782 /* Resources */ = {
			isa = PBXResourcesBuildPhase;
			buildActionMask = 2147483647;
			files = (
				607FACE01AFB9204008FA782 /* LaunchScreen.xib in Resources */,
				607FACDD1AFB9204008FA782 /* Images.xcassets in Resources */,
				1A54F144A9D1BC40EFADA831 /* Root.storyboard in Resources */,
				1A54FDC2B88BE3ED61AD3D91 /* Posts.storyboard in Resources */,
				1A54F0DB9CC3AA42A91FC41E /* PostCell.xib in Resources */,
			);
			runOnlyForDeploymentPostprocessing = 0;
		};
		607FACE31AFB9204008FA782 /* Resources */ = {
			isa = PBXResourcesBuildPhase;
			buildActionMask = 2147483647;
			files = (
			);
			runOnlyForDeploymentPostprocessing = 0;
		};
/* End PBXResourcesBuildPhase section */

/* Begin PBXShellScriptBuildPhase section */
		0D0F5FBBD51836E9E911FCA2 /* [CP] Check Pods Manifest.lock */ = {
			isa = PBXShellScriptBuildPhase;
			buildActionMask = 2147483647;
			files = (
			);
			inputFileListPaths = (
			);
			inputPaths = (
				"${PODS_PODFILE_DIR_PATH}/Podfile.lock",
				"${PODS_ROOT}/Manifest.lock",
			);
			name = "[CP] Check Pods Manifest.lock";
			outputFileListPaths = (
			);
			outputPaths = (
				"$(DERIVED_FILE_DIR)/Pods-RxRequester_Tests-checkManifestLockResult.txt",
			);
			runOnlyForDeploymentPostprocessing = 0;
			shellPath = /bin/sh;
			shellScript = "diff \"${PODS_PODFILE_DIR_PATH}/Podfile.lock\" \"${PODS_ROOT}/Manifest.lock\" > /dev/null\nif [ $? != 0 ] ; then\n    # print error to STDERR\n    echo \"error: The sandbox is not in sync with the Podfile.lock. Run 'pod install' or update your CocoaPods installation.\" >&2\n    exit 1\nfi\n# This output is used by Xcode 'outputs' to avoid re-running this script phase.\necho \"SUCCESS\" > \"${SCRIPT_OUTPUT_FILE_0}\"\n";
			showEnvVarsInLog = 0;
		};
		1CB6A71F73A4B06CB64466A6 /* [CP] Embed Pods Frameworks */ = {
			isa = PBXShellScriptBuildPhase;
			buildActionMask = 2147483647;
			files = (
			);
			inputPaths = (
				"${PODS_ROOT}/Target Support Files/Pods-RxRequester_Tests/Pods-RxRequester_Tests-frameworks.sh",
				"${BUILT_PRODUCTS_DIR}/Nimble/Nimble.framework",
				"${BUILT_PRODUCTS_DIR}/Quick/Quick.framework",
			);
			name = "[CP] Embed Pods Frameworks";
			outputPaths = (
				"${TARGET_BUILD_DIR}/${FRAMEWORKS_FOLDER_PATH}/Nimble.framework",
				"${TARGET_BUILD_DIR}/${FRAMEWORKS_FOLDER_PATH}/Quick.framework",
			);
			runOnlyForDeploymentPostprocessing = 0;
			shellPath = /bin/sh;
			shellScript = "\"${PODS_ROOT}/Target Support Files/Pods-RxRequester_Tests/Pods-RxRequester_Tests-frameworks.sh\"\n";
			showEnvVarsInLog = 0;
		};
		557DA7BEFD1DF1034F41072F /* [CP] Embed Pods Frameworks */ = {
			isa = PBXShellScriptBuildPhase;
			buildActionMask = 2147483647;
			files = (
			);
			inputPaths = (
				"${PODS_ROOT}/Target Support Files/Pods-RxRequester_Example/Pods-RxRequester_Example-frameworks.sh",
				"${BUILT_PRODUCTS_DIR}/Alamofire/Alamofire.framework",
				"${BUILT_PRODUCTS_DIR}/Moya/Moya.framework",
				"${BUILT_PRODUCTS_DIR}/Result/Result.framework",
				"${BUILT_PRODUCTS_DIR}/RxRequester/RxRequester.framework",
				"${BUILT_PRODUCTS_DIR}/RxSwift/RxSwift.framework",
				"${BUILT_PRODUCTS_DIR}/SwiftMessages/SwiftMessages.framework",
			);
			name = "[CP] Embed Pods Frameworks";
			outputPaths = (
				"${TARGET_BUILD_DIR}/${FRAMEWORKS_FOLDER_PATH}/Alamofire.framework",
				"${TARGET_BUILD_DIR}/${FRAMEWORKS_FOLDER_PATH}/Moya.framework",
				"${TARGET_BUILD_DIR}/${FRAMEWORKS_FOLDER_PATH}/Result.framework",
				"${TARGET_BUILD_DIR}/${FRAMEWORKS_FOLDER_PATH}/RxRequester.framework",
				"${TARGET_BUILD_DIR}/${FRAMEWORKS_FOLDER_PATH}/RxSwift.framework",
				"${TARGET_BUILD_DIR}/${FRAMEWORKS_FOLDER_PATH}/SwiftMessages.framework",
			);
			runOnlyForDeploymentPostprocessing = 0;
			shellPath = /bin/sh;
			shellScript = "\"${PODS_ROOT}/Target Support Files/Pods-RxRequester_Example/Pods-RxRequester_Example-frameworks.sh\"\n";
			showEnvVarsInLog = 0;
		};
		A8BC7EE9A3DF24F86DD9C392 /* [CP] Check Pods Manifest.lock */ = {
			isa = PBXShellScriptBuildPhase;
			buildActionMask = 2147483647;
			files = (
			);
			inputFileListPaths = (
			);
			inputPaths = (
				"${PODS_PODFILE_DIR_PATH}/Podfile.lock",
				"${PODS_ROOT}/Manifest.lock",
			);
			name = "[CP] Check Pods Manifest.lock";
			outputFileListPaths = (
			);
			outputPaths = (
				"$(DERIVED_FILE_DIR)/Pods-RxRequester_Example-checkManifestLockResult.txt",
			);
			runOnlyForDeploymentPostprocessing = 0;
			shellPath = /bin/sh;
			shellScript = "diff \"${PODS_PODFILE_DIR_PATH}/Podfile.lock\" \"${PODS_ROOT}/Manifest.lock\" > /dev/null\nif [ $? != 0 ] ; then\n    # print error to STDERR\n    echo \"error: The sandbox is not in sync with the Podfile.lock. Run 'pod install' or update your CocoaPods installation.\" >&2\n    exit 1\nfi\n# This output is used by Xcode 'outputs' to avoid re-running this script phase.\necho \"SUCCESS\" > \"${SCRIPT_OUTPUT_FILE_0}\"\n";
			showEnvVarsInLog = 0;
		};
/* End PBXShellScriptBuildPhase section */

/* Begin PBXSourcesBuildPhase section */
		607FACCC1AFB9204008FA782 /* Sources */ = {
			isa = PBXSourcesBuildPhase;
			buildActionMask = 2147483647;
			files = (
				607FACD61AFB9204008FA782 /* AppDelegate.swift in Sources */,
				1A54FD6395BE04DC1C3F89A5 /* SceneDelegate.swift in Sources */,
				1A54FC9CF5AF2B9660D0C54F /* Post.swift in Sources */,
				1A54F4F03E32D81F334A0843 /* Success.swift in Sources */,
				1A54F495041483218F2FA24C /* PostsViewController.swift in Sources */,
				1A54F892108D24DFAF20A8DD /* PostsViewModel.swift in Sources */,
				1A54F9971EFEBEA4ED78C6A7 /* RootVm.swift in Sources */,
				1A54F1D49A19FBECC9C939B8 /* RootBuilder.swift in Sources */,
				1A54F6CA414564524F7813AB /* RootViewController.swift in Sources */,
				1A54F401FAE57F7E36B9D8B1 /* Reportable.swift in Sources */,
				1A54F12E340E0EAD603453D0 /* ActivityIndicatable.swift in Sources */,
				1A54F6499EB480B6A4C60A2B /* NavigationController.swift in Sources */,
				1A54F2D9C4EE49CBF87C3684 /* ViewModelProtocol.swift in Sources */,
				1A54FA3BD8985BCDBC008047 /* ViewControllerProtocol.swift in Sources */,
				1A54FE4DB7137A174C0FE783 /* PostsRepository.swift in Sources */,
				1A54F9B8764FA3EF0BE7D587 /* PostsApi.swift in Sources */,
				1A54FFFDA94A1FCA350D726D /* PostResponse.swift in Sources */,
				1A54F307B97FAD9576F32C78 /* PostsBuilder.swift in Sources */,
				1A54FEFE3C6EB9015BBB8263 /* PostCell.swift in Sources */,
			);
			runOnlyForDeploymentPostprocessing = 0;
		};
		607FACE11AFB9204008FA782 /* Sources */ = {
			isa = PBXSourcesBuildPhase;
			buildActionMask = 2147483647;
			files = (
				607FACEC1AFB9204008FA782 /* Tests.swift in Sources */,
			);
			runOnlyForDeploymentPostprocessing = 0;
		};
/* End PBXSourcesBuildPhase section */

/* Begin PBXTargetDependency section */
		607FACE71AFB9204008FA782 /* PBXTargetDependency */ = {
			isa = PBXTargetDependency;
			target = 607FACCF1AFB9204008FA782 /* RxRequester_Example */;
			targetProxy = 607FACE61AFB9204008FA782 /* PBXContainerItemProxy */;
		};
/* End PBXTargetDependency section */

/* Begin PBXVariantGroup section */
		607FACDE1AFB9204008FA782 /* LaunchScreen.xib */ = {
			isa = PBXVariantGroup;
			children = (
				607FACDF1AFB9204008FA782 /* Base */,
			);
			name = LaunchScreen.xib;
			sourceTree = "<group>";
		};
/* End PBXVariantGroup section */

/* Begin XCBuildConfiguration section */
		607FACED1AFB9204008FA782 /* Debug */ = {
			isa = XCBuildConfiguration;
			buildSettings = {
				ALWAYS_SEARCH_USER_PATHS = NO;
				CLANG_CXX_LANGUAGE_STANDARD = "gnu++0x";
				CLANG_CXX_LIBRARY = "libc++";
				CLANG_ENABLE_MODULES = YES;
				CLANG_ENABLE_OBJC_ARC = YES;
				CLANG_WARN_BLOCK_CAPTURE_AUTORELEASING = YES;
				CLANG_WARN_BOOL_CONVERSION = YES;
				CLANG_WARN_COMMA = YES;
				CLANG_WARN_CONSTANT_CONVERSION = YES;
				CLANG_WARN_DIRECT_OBJC_ISA_USAGE = YES_ERROR;
				CLANG_WARN_EMPTY_BODY = YES;
				CLANG_WARN_ENUM_CONVERSION = YES;
				CLANG_WARN_INFINITE_RECURSION = YES;
				CLANG_WARN_INT_CONVERSION = YES;
				CLANG_WARN_NON_LITERAL_NULL_CONVERSION = YES;
				CLANG_WARN_OBJC_LITERAL_CONVERSION = YES;
				CLANG_WARN_OBJC_ROOT_CLASS = YES_ERROR;
				CLANG_WARN_RANGE_LOOP_ANALYSIS = YES;
				CLANG_WARN_STRICT_PROTOTYPES = YES;
				CLANG_WARN_SUSPICIOUS_MOVE = YES;
				CLANG_WARN_UNREACHABLE_CODE = YES;
				CLANG_WARN__DUPLICATE_METHOD_MATCH = YES;
				"CODE_SIGN_IDENTITY[sdk=iphoneos*]" = "iPhone Developer";
				COPY_PHASE_STRIP = NO;
				DEBUG_INFORMATION_FORMAT = "dwarf-with-dsym";
				ENABLE_STRICT_OBJC_MSGSEND = YES;
				ENABLE_TESTABILITY = YES;
				GCC_C_LANGUAGE_STANDARD = gnu99;
				GCC_DYNAMIC_NO_PIC = NO;
				GCC_NO_COMMON_BLOCKS = YES;
				GCC_OPTIMIZATION_LEVEL = 0;
				GCC_PREPROCESSOR_DEFINITIONS = (
					"DEBUG=1",
					"$(inherited)",
				);
				GCC_SYMBOLS_PRIVATE_EXTERN = NO;
				GCC_WARN_64_TO_32_BIT_CONVERSION = YES;
				GCC_WARN_ABOUT_RETURN_TYPE = YES_ERROR;
				GCC_WARN_UNDECLARED_SELECTOR = YES;
				GCC_WARN_UNINITIALIZED_AUTOS = YES_AGGRESSIVE;
				GCC_WARN_UNUSED_FUNCTION = YES;
				GCC_WARN_UNUSED_VARIABLE = YES;
				IPHONEOS_DEPLOYMENT_TARGET = 13.2;
				MTL_ENABLE_DEBUG_INFO = YES;
				ONLY_ACTIVE_ARCH = YES;
				SDKROOT = iphoneos;
				SWIFT_OPTIMIZATION_LEVEL = "-Onone";
			};
			name = Debug;
		};
		607FACEE1AFB9204008FA782 /* Release */ = {
			isa = XCBuildConfiguration;
			buildSettings = {
				ALWAYS_SEARCH_USER_PATHS = NO;
				CLANG_CXX_LANGUAGE_STANDARD = "gnu++0x";
				CLANG_CXX_LIBRARY = "libc++";
				CLANG_ENABLE_MODULES = YES;
				CLANG_ENABLE_OBJC_ARC = YES;
				CLANG_WARN_BLOCK_CAPTURE_AUTORELEASING = YES;
				CLANG_WARN_BOOL_CONVERSION = YES;
				CLANG_WARN_COMMA = YES;
				CLANG_WARN_CONSTANT_CONVERSION = YES;
				CLANG_WARN_DIRECT_OBJC_ISA_USAGE = YES_ERROR;
				CLANG_WARN_EMPTY_BODY = YES;
				CLANG_WARN_ENUM_CONVERSION = YES;
				CLANG_WARN_INFINITE_RECURSION = YES;
				CLANG_WARN_INT_CONVERSION = YES;
				CLANG_WARN_NON_LITERAL_NULL_CONVERSION = YES;
				CLANG_WARN_OBJC_LITERAL_CONVERSION = YES;
				CLANG_WARN_OBJC_ROOT_CLASS = YES_ERROR;
				CLANG_WARN_RANGE_LOOP_ANALYSIS = YES;
				CLANG_WARN_STRICT_PROTOTYPES = YES;
				CLANG_WARN_SUSPICIOUS_MOVE = YES;
				CLANG_WARN_UNREACHABLE_CODE = YES;
				CLANG_WARN__DUPLICATE_METHOD_MATCH = YES;
				"CODE_SIGN_IDENTITY[sdk=iphoneos*]" = "iPhone Developer";
				COPY_PHASE_STRIP = NO;
				DEBUG_INFORMATION_FORMAT = "dwarf-with-dsym";
				ENABLE_NS_ASSERTIONS = NO;
				ENABLE_STRICT_OBJC_MSGSEND = YES;
				GCC_C_LANGUAGE_STANDARD = gnu99;
				GCC_NO_COMMON_BLOCKS = YES;
				GCC_WARN_64_TO_32_BIT_CONVERSION = YES;
				GCC_WARN_ABOUT_RETURN_TYPE = YES_ERROR;
				GCC_WARN_UNDECLARED_SELECTOR = YES;
				GCC_WARN_UNINITIALIZED_AUTOS = YES_AGGRESSIVE;
				GCC_WARN_UNUSED_FUNCTION = YES;
				GCC_WARN_UNUSED_VARIABLE = YES;
				IPHONEOS_DEPLOYMENT_TARGET = 13.2;
				MTL_ENABLE_DEBUG_INFO = NO;
				SDKROOT = iphoneos;
				SWIFT_OPTIMIZATION_LEVEL = "-Owholemodule";
				VALIDATE_PRODUCT = YES;
			};
			name = Release;
		};
		607FACF01AFB9204008FA782 /* Debug */ = {
			isa = XCBuildConfiguration;
			baseConfigurationReference = C849E1414E094558B5F393B4 /* Pods-RxRequester_Example.debug.xcconfig */;
			buildSettings = {
				ASSETCATALOG_COMPILER_APPICON_NAME = AppIcon;
				INFOPLIST_FILE = RxRequester/Info.plist;
				LD_RUNPATH_SEARCH_PATHS = "$(inherited) @executable_path/Frameworks";
				MODULE_NAME = ExampleApp;
				PRODUCT_BUNDLE_IDENTIFIER = "org.cocoapods.demo.$(PRODUCT_NAME:rfc1034identifier)";
				PRODUCT_NAME = "$(TARGET_NAME)";
				SWIFT_SWIFT3_OBJC_INFERENCE = Default;
				SWIFT_VERSION = 5.0;
			};
			name = Debug;
		};
		607FACF11AFB9204008FA782 /* Release */ = {
			isa = XCBuildConfiguration;
			baseConfigurationReference = 7A7D8CDDF0D757632309D98B /* Pods-RxRequester_Example.release.xcconfig */;
			buildSettings = {
				ASSETCATALOG_COMPILER_APPICON_NAME = AppIcon;
				INFOPLIST_FILE = RxRequester/Info.plist;
				LD_RUNPATH_SEARCH_PATHS = "$(inherited) @executable_path/Frameworks";
				MODULE_NAME = ExampleApp;
				PRODUCT_BUNDLE_IDENTIFIER = "org.cocoapods.demo.$(PRODUCT_NAME:rfc1034identifier)";
				PRODUCT_NAME = "$(TARGET_NAME)";
				SWIFT_SWIFT3_OBJC_INFERENCE = Default;
				SWIFT_VERSION = 5.0;
			};
			name = Release;
		};
		607FACF31AFB9204008FA782 /* Debug */ = {
			isa = XCBuildConfiguration;
			baseConfigurationReference = A71CF086F16DAA3B83B396DB /* Pods-RxRequester_Tests.debug.xcconfig */;
			buildSettings = {
				FRAMEWORK_SEARCH_PATHS = (
					"$(PLATFORM_DIR)/Developer/Library/Frameworks",
					"$(inherited)",
				);
				GCC_PREPROCESSOR_DEFINITIONS = (
					"DEBUG=1",
					"$(inherited)",
				);
				INFOPLIST_FILE = Tests/Info.plist;
				LD_RUNPATH_SEARCH_PATHS = "$(inherited) @executable_path/Frameworks @loader_path/Frameworks";
				PRODUCT_BUNDLE_IDENTIFIER = "org.cocoapods.$(PRODUCT_NAME:rfc1034identifier)";
				PRODUCT_NAME = "$(TARGET_NAME)";
				SWIFT_SWIFT3_OBJC_INFERENCE = Default;
				SWIFT_VERSION = 4.0;
				TEST_HOST = "$(BUILT_PRODUCTS_DIR)/RxRequester_Example.app/RxRequester_Example";
			};
			name = Debug;
		};
		607FACF41AFB9204008FA782 /* Release */ = {
			isa = XCBuildConfiguration;
			baseConfigurationReference = 6A5B9A7E6A7BF11704918FE2 /* Pods-RxRequester_Tests.release.xcconfig */;
			buildSettings = {
				FRAMEWORK_SEARCH_PATHS = (
					"$(PLATFORM_DIR)/Developer/Library/Frameworks",
					"$(inherited)",
				);
				INFOPLIST_FILE = Tests/Info.plist;
				LD_RUNPATH_SEARCH_PATHS = "$(inherited) @executable_path/Frameworks @loader_path/Frameworks";
				PRODUCT_BUNDLE_IDENTIFIER = "org.cocoapods.$(PRODUCT_NAME:rfc1034identifier)";
				PRODUCT_NAME = "$(TARGET_NAME)";
				SWIFT_SWIFT3_OBJC_INFERENCE = Default;
				SWIFT_VERSION = 4.0;
				TEST_HOST = "$(BUILT_PRODUCTS_DIR)/RxRequester_Example.app/RxRequester_Example";
			};
			name = Release;
		};
/* End XCBuildConfiguration section */

/* Begin XCConfigurationList section */
		607FACCB1AFB9204008FA782 /* Build configuration list for PBXProject "RxRequester" */ = {
			isa = XCConfigurationList;
			buildConfigurations = (
				607FACED1AFB9204008FA782 /* Debug */,
				607FACEE1AFB9204008FA782 /* Release */,
			);
			defaultConfigurationIsVisible = 0;
			defaultConfigurationName = Release;
		};
		607FACEF1AFB9204008FA782 /* Build configuration list for PBXNativeTarget "RxRequester_Example" */ = {
			isa = XCConfigurationList;
			buildConfigurations = (
				607FACF01AFB9204008FA782 /* Debug */,
				607FACF11AFB9204008FA782 /* Release */,
			);
			defaultConfigurationIsVisible = 0;
			defaultConfigurationName = Release;
		};
		607FACF21AFB9204008FA782 /* Build configuration list for PBXNativeTarget "RxRequester_Tests" */ = {
			isa = XCConfigurationList;
			buildConfigurations = (
				607FACF31AFB9204008FA782 /* Debug */,
				607FACF41AFB9204008FA782 /* Release */,
			);
			defaultConfigurationIsVisible = 0;
			defaultConfigurationName = Release;
		};
/* End XCConfigurationList section */
	};
	rootObject = 607FACC81AFB9204008FA782 /* Project object */;
}
